
Microsoft Visual Studio Solution File, Format Version 12.00
# Visual Studio Version 17
VisualStudioVersion = 17.5.002.0
MinimumVisualStudioVersion = 10.0.40219.1
Project("{9A19103F-16F7-4668-BE54-9A1E7A4F7556}") = "ReFound", "ReFound.csproj", "{9622314A-7CD8-4F9C-A968-D3868983C166}"
EndProject
Global
	GlobalSection(SolutionConfigurationPlatforms) = preSolution
		Debug|Any CPU = Debug|Any CPU
		Release|Any CPU = Release|Any CPU
	EndGlobalSection
	GlobalSection(ProjectConfigurationPlatforms) = postSolution
		{9622314A-7CD8-4F9C-A968-D3868983C166}.Debug|Any CPU.ActiveCfg = Debug|Any CPU
		{9622314A-7CD8-4F9C-A968-D3868983C166}.Debug|Any CPU.Build.0 = Debug|Any CPU
		{9622314A-7CD8-4F9C-A968-D3868983C166}.Release|Any CPU.ActiveCfg = Release|Any CPU
		{9622314A-7CD8-4F9C-A968-D3868983C166}.Release|Any CPU.Build.0 = Release|Any CPU
	EndGlobalSection
	GlobalSection(SolutionProperties) = preSolution
		HideSolutionNode = FALSE
	EndGlobalSection
	GlobalSection(ExtensibilityGlobals) = postSolution
		SolutionGuid = {0737B2D4-6625-44A6-8A79-69201B7424C1}
	EndGlobalSection
EndGlobal
